
Microsoft Visual Studio Solution File, Format Version 12.00
# Visual Studio 15
VisualStudioVersion = 15.0.27428.2043
MinimumVisualStudioVersion = 10.0.40219.1
Project("{FAE04EC0-301F-11D3-BF4B-00C04F79EFBC}") = "Bingo", "Bingo\Bingo.csproj", "{0C09B7FF-F3B2-4772-9A9A-0BACC4D48F47}"
EndProject
Project("{FAE04EC0-301F-11D3-BF4B-00C04F79EFBC}") = "Consola", "Consola\Consola.csproj", "{4E7474F1-C499-460A-8CBE-26DEED248AAF}"
EndProject
Global
	GlobalSection(SolutionConfigurationPlatforms) = preSolution
		Debug|Any CPU = Debug|Any CPU
		Release|Any CPU = Release|Any CPU
	EndGlobalSection
	GlobalSection(ProjectConfigurationPlatforms) = postSolution
		{0C09B7FF-F3B2-4772-9A9A-0BACC4D48F47}.Debug|Any CPU.ActiveCfg = Debug|Any CPU
		{0C09B7FF-F3B2-4772-9A9A-0BACC4D48F47}.Debug|Any CPU.Build.0 = Debug|Any CPU
		{0C09B7FF-F3B2-4772-9A9A-0BACC4D48F47}.Release|Any CPU.ActiveCfg = Release|Any CPU
		{0C09B7FF-F3B2-4772-9A9A-0BACC4D48F47}.Release|Any CPU.Build.0 = Release|Any CPU
		{4E7474F1-C499-460A-8CBE-26DEED248AAF}.Debug|Any CPU.ActiveCfg = Debug|Any CPU
		{4E7474F1-C499-460A-8CBE-26DEED248AAF}.Debug|Any CPU.Build.0 = Debug|Any CPU
		{4E7474F1-C499-460A-8CBE-26DEED248AAF}.Release|Any CPU.ActiveCfg = Release|Any CPU
		{4E7474F1-C499-460A-8CBE-26DEED248AAF}.Release|Any CPU.Build.0 = Release|Any CPU
	EndGlobalSection
	GlobalSection(SolutionProperties) = preSolution
		HideSolutionNode = FALSE
	EndGlobalSection
	GlobalSection(ExtensibilityGlobals) = postSolution
		SolutionGuid = {A11281A0-71B1-4629-AAB5-4502DC777A7E}
	EndGlobalSection
EndGlobal
